// !$*UTF8*$!
{
	archiveVersion = 1;
	classes = {
	};
	objectVersion = 55;
	objects = {

/* Begin PBXBuildFile section */
		4370BFE828A776B00099E338 /* AppDelegate.swift in Sources */ = {isa = PBXBuildFile; fileRef = 4370BFE728A776B00099E338 /* AppDelegate.swift */; };
		4370BFEA28A776B00099E338 /* SceneDelegate.swift in Sources */ = {isa = PBXBuildFile; fileRef = 4370BFE928A776B00099E338 /* SceneDelegate.swift */; };
		4370BFEC28A776B00099E338 /* ViewController.swift in Sources */ = {isa = PBXBuildFile; fileRef = 4370BFEB28A776B00099E338 /* ViewController.swift */; };
		4370BFEF28A776B00099E338 /* Main.storyboard in Resources */ = {isa = PBXBuildFile; fileRef = 4370BFED28A776B00099E338 /* Main.storyboard */; };
		4370BFF128A776B10099E338 /* Assets.xcassets in Resources */ = {isa = PBXBuildFile; fileRef = 4370BFF028A776B10099E338 /* Assets.xcassets */; };
		4370BFF428A776B10099E338 /* LaunchScreen.storyboard in Resources */ = {isa = PBXBuildFile; fileRef = 4370BFF228A776B10099E338 /* LaunchScreen.storyboard */; };
		4370BFFC28A777660099E338 /* SampleBufferFactory.swift in Sources */ = {isa = PBXBuildFile; fileRef = 4370BFFB28A777660099E338 /* SampleBufferFactory.swift */; };
		4370BFFE28A77B040099E338 /* Looper.swift in Sources */ = {isa = PBXBuildFile; fileRef = 4370BFFD28A77B040099E338 /* Looper.swift */; };
		4370C00128A77D0F0099E338 /* PiPRenderer.swift in Sources */ = {isa = PBXBuildFile; fileRef = 4370C00028A77D0F0099E338 /* PiPRenderer.swift */; };
		4370C00328A790CC0099E338 /* FillRenderer.swift in Sources */ = {isa = PBXBuildFile; fileRef = 4370C00228A790CC0099E338 /* FillRenderer.swift */; };
/* End PBXBuildFile section */

/* Begin PBXFileReference section */
		4370BFE428A776B00099E338 /* pip-custom.app */ = {isa = PBXFileReference; explicitFileType = wrapper.application; includeInIndex = 0; path = "pip-custom.app"; sourceTree = BUILT_PRODUCTS_DIR; };
		4370BFE728A776B00099E338 /* AppDelegate.swift */ = {isa = PBXFileReference; lastKnownFileType = sourcecode.swift; path = AppDelegate.swift; sourceTree = "<group>"; };
		4370BFE928A776B00099E338 /* SceneDelegate.swift */ = {isa = PBXFileReference; lastKnownFileType = sourcecode.swift; path = SceneDelegate.swift; sourceTree = "<group>"; };
		4370BFEB28A776B00099E338 /* ViewController.swift */ = {isa = PBXFileReference; lastKnownFileType = sourcecode.swift; path = ViewController.swift; sourceTree = "<group>"; };
		4370BFEE28A776B00099E338 /* Base */ = {isa = PBXFileReference; lastKnownFileType = file.storyboard; name = Base; path = Base.lproj/Main.storyboard; sourceTree = "<group>"; };
		4370BFF028A776B10099E338 /* Assets.xcassets */ = {isa = PBXFileReference; lastKnownFileType = folder.assetcatalog; path = Assets.xcassets; sourceTree = "<group>"; };
		4370BFF328A776B10099E338 /* Base */ = {isa = PBXFileReference; lastKnownFileType = file.storyboard; name = Base; path = Base.lproj/LaunchScreen.storyboard; sourceTree = "<group>"; };
		4370BFF528A776B10099E338 /* Info.plist */ = {isa = PBXFileReference; lastKnownFileType = text.plist.xml; path = Info.plist; sourceTree = "<group>"; };
		4370BFFB28A777660099E338 /* SampleBufferFactory.swift */ = {isa = PBXFileReference; lastKnownFileType = sourcecode.swift; path = SampleBufferFactory.swift; sourceTree = "<group>"; };
		4370BFFD28A77B040099E338 /* Looper.swift */ = {isa = PBXFileReference; lastKnownFileType = sourcecode.swift; path = Looper.swift; sourceTree = "<group>"; };
		4370C00028A77D0F0099E338 /* PiPRenderer.swift */ = {isa = PBXFileReference; lastKnownFileType = sourcecode.swift; path = PiPRenderer.swift; sourceTree = "<group>"; };
		4370C00228A790CC0099E338 /* FillRenderer.swift */ = {isa = PBXFileReference; lastKnownFileType = sourcecode.swift; path = FillRenderer.swift; sourceTree = "<group>"; };
/* End PBXFileReference section */

/* Begin PBXFrameworksBuildPhase section */
		4370BFE128A776B00099E338 /* Frameworks */ = {
			isa = PBXFrameworksBuildPhase;
			buildActionMask = 2147483647;
			files = (
			);
			runOnlyForDeploymentPostprocessing = 0;
		};
/* End PBXFrameworksBuildPhase section */

/* Begin PBXGroup section */
		434E7E9D28AD31D000FB4FB4 /* Resources */ = {
			isa = PBXGroup;
			children = (
				4370BFF028A776B10099E338 /* Assets.xcassets */,
				4370BFF228A776B10099E338 /* LaunchScreen.storyboard */,
				4370BFED28A776B00099E338 /* Main.storyboard */,
			);
			path = Resources;
			sourceTree = "<group>";
		};
		4370BFDB28A776B00099E338 = {
			isa = PBXGroup;
			children = (
				4370BFE628A776B00099E338 /* pip-custom */,
				4370BFE528A776B00099E338 /* Products */,
			);
			sourceTree = "<group>";
		};
		4370BFE528A776B00099E338 /* Products */ = {
			isa = PBXGroup;
			children = (
				4370BFE428A776B00099E338 /* pip-custom.app */,
			);
			name = Products;
			sourceTree = "<group>";
		};
		4370BFE628A776B00099E338 /* pip-custom */ = {
			isa = PBXGroup;
			children = (
				4370BFFF28A77CF90099E338 /* Renderer */,
				434E7E9D28AD31D000FB4FB4 /* Resources */,
				4370BFE728A776B00099E338 /* AppDelegate.swift */,
				4370BFF528A776B10099E338 /* Info.plist */,
				4370BFFD28A77B040099E338 /* Looper.swift */,
				4370BFFB28A777660099E338 /* SampleBufferFactory.swift */,
				4370BFE928A776B00099E338 /* SceneDelegate.swift */,
				4370BFEB28A776B00099E338 /* ViewController.swift */,
			);
			path = "pip-custom";
			sourceTree = "<group>";
		};
		4370BFFF28A77CF90099E338 /* Renderer */ = {
			isa = PBXGroup;
			children = (
				4370C00228A790CC0099E338 /* FillRenderer.swift */,
				4370C00028A77D0F0099E338 /* PiPRenderer.swift */,
			);
			path = Renderer;
			sourceTree = "<group>";
		};
/* End PBXGroup section */

/* Begin PBXNativeTarget section */
		4370BFE328A776B00099E338 /* pip-custom */ = {
			isa = PBXNativeTarget;
			buildConfigurationList = 4370BFF828A776B10099E338 /* Build configuration list for PBXNativeTarget "pip-custom" */;
			buildPhases = (
				4370BFE028A776B00099E338 /* Sources */,
				4370BFE128A776B00099E338 /* Frameworks */,
				4370BFE228A776B00099E338 /* Resources */,
			);
			buildRules = (
			);
			dependencies = (
			);
			name = "pip-custom";
			productName = "pip-custom";
			productReference = 4370BFE428A776B00099E338 /* pip-custom.app */;
			productType = "com.apple.product-type.application";
		};
/* End PBXNativeTarget section */

/* Begin PBXProject section */
		4370BFDC28A776B00099E338 /* Project object */ = {
			isa = PBXProject;
			attributes = {
				BuildIndependentTargetsInParallel = 1;
				LastSwiftUpdateCheck = 1400;
				LastUpgradeCheck = 1400;
				TargetAttributes = {
					4370BFE328A776B00099E338 = {
						CreatedOnToolsVersion = 14.0;
					};
				};
			};
			buildConfigurationList = 4370BFDF28A776B00099E338 /* Build configuration list for PBXProject "pip-custom" */;
			compatibilityVersion = "Xcode 13.0";
			developmentRegion = en;
			hasScannedForEncodings = 0;
			knownRegions = (
				en,
				Base,
			);
			mainGroup = 4370BFDB28A776B00099E338;
			productRefGroup = 4370BFE528A776B00099E338 /* Products */;
			projectDirPath = "";
			projectRoot = "";
			targets = (
				4370BFE328A776B00099E338 /* pip-custom */,
			);
		};
/* End PBXProject section */

/* Begin PBXResourcesBuildPhase section */
		4370BFE228A776B00099E338 /* Resources */ = {
			isa = PBXResourcesBuildPhase;
			buildActionMask = 2147483647;
			files = (
				4370BFF128A776B10099E338 /* Assets.xcassets in Resources */,
				4370BFF428A776B10099E338 /* LaunchScreen.storyboard in Resources */,
				4370BFEF28A776B00099E338 /* Main.storyboard in Resources */,
			);
			runOnlyForDeploymentPostprocessing = 0;
		};
/* End PBXResourcesBuildPhase section */

/* Begin PBXSourcesBuildPhase section */
		4370BFE028A776B00099E338 /* Sources */ = {
			isa = PBXSourcesBuildPhase;
			buildActionMask = 2147483647;
			files = (
				4370BFE828A776B00099E338 /* AppDelegate.swift in Sources */,
				4370C00328A790CC0099E338 /* FillRenderer.swift in Sources */,
				4370BFFE28A77B040099E338 /* Looper.swift in Sources */,
				4370C00128A77D0F0099E338 /* PiPRenderer.swift in Sources */,
				4370BFFC28A777660099E338 /* SampleBufferFactory.swift in Sources */,
				4370BFEA28A776B00099E338 /* SceneDelegate.swift in Sources */,
				4370BFEC28A776B00099E338 /* ViewController.swift in Sources */,
			);
			runOnlyForDeploymentPostprocessing = 0;
		};
/* End PBXSourcesBuildPhase section */

/* Begin PBXVariantGroup section */
		4370BFED28A776B00099E338 /* Main.storyboard */ = {
			isa = PBXVariantGroup;
			children = (
				4370BFEE28A776B00099E338 /* Base */,
			);
			name = Main.storyboard;
			sourceTree = "<group>";
		};
		4370BFF228A776B10099E338 /* LaunchScreen.storyboard */ = {
			isa = PBXVariantGroup;
			children = (
				4370BFF328A776B10099E338 /* Base */,
			);
			name = LaunchScreen.storyboard;
			sourceTree = "<group>";
		};
/* End PBXVariantGroup section */

/* Begin XCBuildConfiguration section */
		4370BFF628A776B10099E338 /* Debug */ = {
			isa = XCBuildConfiguration;
			buildSettings = {
				ALWAYS_SEARCH_USER_PATHS = NO;
				CLANG_ANALYZER_NONNULL = YES;
				CLANG_ANALYZER_NUMBER_OBJECT_CONVERSION = YES_AGGRESSIVE;
				CLANG_CXX_LANGUAGE_STANDARD = "gnu++20";
				CLANG_ENABLE_MODULES = YES;
				CLANG_ENABLE_OBJC_ARC = YES;
				CLANG_ENABLE_OBJC_WEAK = YES;
				CLANG_WARN_BLOCK_CAPTURE_AUTORELEASING = YES;
				CLANG_WARN_BOOL_CONVERSION = YES;
				CLANG_WARN_COMMA = YES;
				CLANG_WARN_CONSTANT_CONVERSION = YES;
				CLANG_WARN_DEPRECATED_OBJC_IMPLEMENTATIONS = YES;
				CLANG_WARN_DIRECT_OBJC_ISA_USAGE = YES_ERROR;
				CLANG_WARN_DOCUMENTATION_COMMENTS = YES;
				CLANG_WARN_EMPTY_BODY = YES;
				CLANG_WARN_ENUM_CONVERSION = YES;
				CLANG_WARN_INFINITE_RECURSION = YES;
				CLANG_WARN_INT_CONVERSION = YES;
				CLANG_WARN_NON_LITERAL_NULL_CONVERSION = YES;
				CLANG_WARN_OBJC_IMPLICIT_RETAIN_SELF = YES;
				CLANG_WARN_OBJC_LITERAL_CONVERSION = YES;
				CLANG_WARN_OBJC_ROOT_CLASS = YES_ERROR;
				CLANG_WARN_QUOTED_INCLUDE_IN_FRAMEWORK_HEADER = YES;
				CLANG_WARN_RANGE_LOOP_ANALYSIS = YES;
				CLANG_WARN_STRICT_PROTOTYPES = YES;
				CLANG_WARN_SUSPICIOUS_MOVE = YES;
				CLANG_WARN_UNGUARDED_AVAILABILITY = YES_AGGRESSIVE;
				CLANG_WARN_UNREACHABLE_CODE = YES;
				CLANG_WARN__DUPLICATE_METHOD_MATCH = YES;
				COPY_PHASE_STRIP = NO;
				DEBUG_INFORMATION_FORMAT = dwarf;
				ENABLE_STRICT_OBJC_MSGSEND = YES;
				ENABLE_TESTABILITY = YES;
				GCC_C_LANGUAGE_STANDARD = gnu11;
				GCC_DYNAMIC_NO_PIC = NO;
				GCC_NO_COMMON_BLOCKS = YES;
				GCC_OPTIMIZATION_LEVEL = 0;
				GCC_PREPROCESSOR_DEFINITIONS = (
					"DEBUG=1",
					"$(inherited)",
				);
				GCC_WARN_64_TO_32_BIT_CONVERSION = YES;
				GCC_WARN_ABOUT_RETURN_TYPE = YES_ERROR;
				GCC_WARN_UNDECLARED_SELECTOR = YES;
				GCC_WARN_UNINITIALIZED_AUTOS = YES_AGGRESSIVE;
				GCC_WARN_UNUSED_FUNCTION = YES;
				GCC_WARN_UNUSED_VARIABLE = YES;
				IPHONEOS_DEPLOYMENT_TARGET = 16.0;
				MTL_ENABLE_DEBUG_INFO = INCLUDE_SOURCE;
				MTL_FAST_MATH = YES;
				ONLY_ACTIVE_ARCH = YES;
				SDKROOT = iphoneos;
				SWIFT_ACTIVE_COMPILATION_CONDITIONS = DEBUG;
				SWIFT_OPTIMIZATION_LEVEL = "-Onone";
			};
			name = Debug;
		};
		4370BFF728A776B10099E338 /* Release */ = {
			isa = XCBuildConfiguration;
			buildSettings = {
				ALWAYS_SEARCH_USER_PATHS = NO;
				CLANG_ANALYZER_NONNULL = YES;
				CLANG_ANALYZER_NUMBER_OBJECT_CONVERSION = YES_AGGRESSIVE;
				CLANG_CXX_LANGUAGE_STANDARD = "gnu++20";
				CLANG_ENABLE_MODULES = YES;
				CLANG_ENABLE_OBJC_ARC = YES;
				CLANG_ENABLE_OBJC_WEAK = YES;
				CLANG_WARN_BLOCK_CAPTURE_AUTORELEASING = YES;
				CLANG_WARN_BOOL_CONVERSION = YES;
				CLANG_WARN_COMMA = YES;
				CLANG_WARN_CONSTANT_CONVERSION = YES;
				CLANG_WARN_DEPRECATED_OBJC_IMPLEMENTATIONS = YES;
				CLANG_WARN_DIRECT_OBJC_ISA_USAGE = YES_ERROR;
				CLANG_WARN_DOCUMENTATION_COMMENTS = YES;
				CLANG_WARN_EMPTY_BODY = YES;
				CLANG_WARN_ENUM_CONVERSION = YES;
				CLANG_WARN_INFINITE_RECURSION = YES;
				CLANG_WARN_INT_CONVERSION = YES;
				CLANG_WARN_NON_LITERAL_NULL_CONVERSION = YES;
				CLANG_WARN_OBJC_IMPLICIT_RETAIN_SELF = YES;
				CLANG_WARN_OBJC_LITERAL_CONVERSION = YES;
				CLANG_WARN_OBJC_ROOT_CLASS = YES_ERROR;
				CLANG_WARN_QUOTED_INCLUDE_IN_FRAMEWORK_HEADER = YES;
				CLANG_WARN_RANGE_LOOP_ANALYSIS = YES;
				CLANG_WARN_STRICT_PROTOTYPES = YES;
				CLANG_WARN_SUSPICIOUS_MOVE = YES;
				CLANG_WARN_UNGUARDED_AVAILABILITY = YES_AGGRESSIVE;
				CLANG_WARN_UNREACHABLE_CODE = YES;
				CLANG_WARN__DUPLICATE_METHOD_MATCH = YES;
				COPY_PHASE_STRIP = NO;
				DEBUG_INFORMATION_FORMAT = "dwarf-with-dsym";
				ENABLE_NS_ASSERTIONS = NO;
				ENABLE_STRICT_OBJC_MSGSEND = YES;
				GCC_C_LANGUAGE_STANDARD = gnu11;
				GCC_NO_COMMON_BLOCKS = YES;
				GCC_WARN_64_TO_32_BIT_CONVERSION = YES;
				GCC_WARN_ABOUT_RETURN_TYPE = YES_ERROR;
				GCC_WARN_UNDECLARED_SELECTOR = YES;
				GCC_WARN_UNINITIALIZED_AUTOS = YES_AGGRESSIVE;
				GCC_WARN_UNUSED_FUNCTION = YES;
				GCC_WARN_UNUSED_VARIABLE = YES;
				IPHONEOS_DEPLOYMENT_TARGET = 16.0;
				MTL_ENABLE_DEBUG_INFO = NO;
				MTL_FAST_MATH = YES;
				SDKROOT = iphoneos;
				SWIFT_COMPILATION_MODE = wholemodule;
				SWIFT_OPTIMIZATION_LEVEL = "-O";
				VALIDATE_PRODUCT = YES;
			};
			name = Release;
		};
		4370BFF928A776B10099E338 /* Debug */ = {
			isa = XCBuildConfiguration;
			buildSettings = {
				ASSETCATALOG_COMPILER_APPICON_NAME = AppIcon;
				ASSETCATALOG_COMPILER_GLOBAL_ACCENT_COLOR_NAME = AccentColor;
				CODE_SIGN_STYLE = Automatic;
				CURRENT_PROJECT_VERSION = 1;
				DEVELOPMENT_TEAM = QTG7MUN42X;
				GENERATE_INFOPLIST_FILE = YES;
				INFOPLIST_FILE = "pip-custom/Info.plist";
				INFOPLIST_KEY_UIApplicationSupportsIndirectInputEvents = YES;
				INFOPLIST_KEY_UILaunchStoryboardName = LaunchScreen;
				INFOPLIST_KEY_UIMainStoryboardFile = Main;
				INFOPLIST_KEY_UIRequiresFullScreen = YES;
				INFOPLIST_KEY_UISupportedInterfaceOrientations = UIInterfaceOrientationPortrait;
				IPHONEOS_DEPLOYMENT_TARGET = 15.0;
				LD_RUNPATH_SEARCH_PATHS = (
					"$(inherited)",
					"@executable_path/Frameworks",
				);
				MARKETING_VERSION = 1.0;
				PRODUCT_BUNDLE_IDENTIFIER = "com.jpn.naru.pip-custom";
				PRODUCT_NAME = "$(TARGET_NAME)";
				SUPPORTED_PLATFORMS = "iphoneos iphonesimulator";
				SUPPORTS_MACCATALYST = NO;
				SUPPORTS_MAC_DESIGNED_FOR_IPHONE_IPAD = NO;
				SWIFT_EMIT_LOC_STRINGS = YES;
				SWIFT_VERSION = 5.0;
				TARGETED_DEVICE_FAMILY = "1,2";
			};
			name = Debug;
		};
		4370BFFA28A776B10099E338 /* Release */ = {
			isa = XCBuildConfiguration;
			buildSettings = {
				ASSETCATALOG_COMPILER_APPICON_NAME = AppIcon;
				ASSETCATALOG_COMPILER_GLOBAL_ACCENT_COLOR_NAME = AccentColor;
				CODE_SIGN_STYLE = Automatic;
				CURRENT_PROJECT_VERSION = 1;
				DEVELOPMENT_TEAM = QTG7MUN42X;
				GENERATE_INFOPLIST_FILE = YES;
				INFOPLIST_FILE = "pip-custom/Info.plist";
				INFOPLIST_KEY_UIApplicationSupportsIndirectInputEvents = YES;
				INFOPLIST_KEY_UILaunchStoryboardName = LaunchScreen;
				INFOPLIST_KEY_UIMainStoryboardFile = Main;
				INFOPLIST_KEY_UIRequiresFullScreen = YES;
				INFOPLIST_KEY_UISupportedInterfaceOrientations = UIInterfaceOrientationPortrait;
				IPHONEOS_DEPLOYMENT_TARGET = 15.0;
				LD_RUNPATH_SEARCH_PATHS = (
					"$(inherited)",
					"@executable_path/Frameworks",
				);
				MARKETING_VERSION = 1.0;
				PRODUCT_BUNDLE_IDENTIFIER = "com.jpn.naru.pip-custom";
				PRODUCT_NAME = "$(TARGET_NAME)";
				SUPPORTED_PLATFORMS = "iphoneos iphonesimulator";
				SUPPORTS_MACCATALYST = NO;
				SUPPORTS_MAC_DESIGNED_FOR_IPHONE_IPAD = NO;
				SWIFT_EMIT_LOC_STRINGS = YES;
				SWIFT_VERSION = 5.0;
				TARGETED_DEVICE_FAMILY = "1,2";
			};
			name = Release;
		};
/* End XCBuildConfiguration section */

/* Begin XCConfigurationList section */
		4370BFDF28A776B00099E338 /* Build configuration list for PBXProject "pip-custom" */ = {
			isa = XCConfigurationList;
			buildConfigurations = (
				4370BFF628A776B10099E338 /* Debug */,
				4370BFF728A776B10099E338 /* Release */,
			);
			defaultConfigurationIsVisible = 0;
			defaultConfigurationName = Release;
		};
		4370BFF828A776B10099E338 /* Build configuration list for PBXNativeTarget "pip-custom" */ = {
			isa = XCConfigurationList;
			buildConfigurations = (
				4370BFF928A776B10099E338 /* Debug */,
				4370BFFA28A776B10099E338 /* Release */,
			);
			defaultConfigurationIsVisible = 0;
			defaultConfigurationName = Release;
		};
/* End XCConfigurationList section */
	};
	rootObject = 4370BFDC28A776B00099E338 /* Project object */;
}
