// !$*UTF8*$!
{
	archiveVersion = 1;
	classes = {
	};
	objectVersion = 55;
	objects = {

/* Begin PBXBuildFile section */
		4398EF5A28A6B30D00644D40 /* AppDelegate.swift in Sources */ = {isa = PBXBuildFile; fileRef = 4398EF5928A6B30D00644D40 /* AppDelegate.swift */; };
		4398EF5C28A6B30D00644D40 /* SceneDelegate.swift in Sources */ = {isa = PBXBuildFile; fileRef = 4398EF5B28A6B30D00644D40 /* SceneDelegate.swift */; };
		4398EF5E28A6B30D00644D40 /* ViewController.swift in Sources */ = {isa = PBXBuildFile; fileRef = 4398EF5D28A6B30D00644D40 /* ViewController.swift */; };
		4398EF6128A6B30D00644D40 /* Main.storyboard in Resources */ = {isa = PBXBuildFile; fileRef = 4398EF5F28A6B30D00644D40 /* Main.storyboard */; };
		4398EF6328A6B30F00644D40 /* Assets.xcassets in Resources */ = {isa = PBXBuildFile; fileRef = 4398EF6228A6B30F00644D40 /* Assets.xcassets */; };
		4398EF6628A6B30F00644D40 /* LaunchScreen.storyboard in Resources */ = {isa = PBXBuildFile; fileRef = 4398EF6428A6B30F00644D40 /* LaunchScreen.storyboard */; };
		4398EF7328A6B7EB00644D40 /* sample.mp4 in Resources */ = {isa = PBXBuildFile; fileRef = 4398EF7228A6B7EB00644D40 /* sample.mp4 */; };
		4398EF7528A6B84200644D40 /* SampleVideoPlayerView.swift in Sources */ = {isa = PBXBuildFile; fileRef = 4398EF7428A6B84200644D40 /* SampleVideoPlayerView.swift */; };
/* End PBXBuildFile section */

/* Begin PBXFileReference section */
		4398EF5628A6B30D00644D40 /* pip-basic.app */ = {isa = PBXFileReference; explicitFileType = wrapper.application; includeInIndex = 0; path = "pip-basic.app"; sourceTree = BUILT_PRODUCTS_DIR; };
		4398EF5928A6B30D00644D40 /* AppDelegate.swift */ = {isa = PBXFileReference; lastKnownFileType = sourcecode.swift; path = AppDelegate.swift; sourceTree = "<group>"; };
		4398EF5B28A6B30D00644D40 /* SceneDelegate.swift */ = {isa = PBXFileReference; lastKnownFileType = sourcecode.swift; path = SceneDelegate.swift; sourceTree = "<group>"; };
		4398EF5D28A6B30D00644D40 /* ViewController.swift */ = {isa = PBXFileReference; lastKnownFileType = sourcecode.swift; path = ViewController.swift; sourceTree = "<group>"; };
		4398EF6028A6B30D00644D40 /* Base */ = {isa = PBXFileReference; lastKnownFileType = file.storyboard; name = Base; path = Base.lproj/Main.storyboard; sourceTree = "<group>"; };
		4398EF6228A6B30F00644D40 /* Assets.xcassets */ = {isa = PBXFileReference; lastKnownFileType = folder.assetcatalog; path = Assets.xcassets; sourceTree = "<group>"; };
		4398EF6528A6B30F00644D40 /* Base */ = {isa = PBXFileReference; lastKnownFileType = file.storyboard; name = Base; path = Base.lproj/LaunchScreen.storyboard; sourceTree = "<group>"; };
		4398EF6728A6B30F00644D40 /* Info.plist */ = {isa = PBXFileReference; lastKnownFileType = text.plist.xml; path = Info.plist; sourceTree = "<group>"; };
		4398EF7228A6B7EB00644D40 /* sample.mp4 */ = {isa = PBXFileReference; lastKnownFileType = file; path = sample.mp4; sourceTree = "<group>"; };
		4398EF7428A6B84200644D40 /* SampleVideoPlayerView.swift */ = {isa = PBXFileReference; lastKnownFileType = sourcecode.swift; path = SampleVideoPlayerView.swift; sourceTree = "<group>"; };
/* End PBXFileReference section */

/* Begin PBXFrameworksBuildPhase section */
		4398EF5328A6B30D00644D40 /* Frameworks */ = {
			isa = PBXFrameworksBuildPhase;
			buildActionMask = 2147483647;
			files = (
			);
			runOnlyForDeploymentPostprocessing = 0;
		};
/* End PBXFrameworksBuildPhase section */

/* Begin PBXGroup section */
		434E7E9E28AD379500FB4FB4 /* Resources */ = {
			isa = PBXGroup;
			children = (
				4398EF6228A6B30F00644D40 /* Assets.xcassets */,
				4398EF6428A6B30F00644D40 /* LaunchScreen.storyboard */,
				4398EF5F28A6B30D00644D40 /* Main.storyboard */,
			);
			path = Resources;
			sourceTree = "<group>";
		};
		4398EF4D28A6B30D00644D40 = {
			isa = PBXGroup;
			children = (
				4398EF5828A6B30D00644D40 /* pip-basic */,
				4398EF5728A6B30D00644D40 /* Products */,
			);
			sourceTree = "<group>";
		};
		4398EF5728A6B30D00644D40 /* Products */ = {
			isa = PBXGroup;
			children = (
				4398EF5628A6B30D00644D40 /* pip-basic.app */,
			);
			name = Products;
			sourceTree = "<group>";
		};
		4398EF5828A6B30D00644D40 /* pip-basic */ = {
			isa = PBXGroup;
			children = (
				434E7E9E28AD379500FB4FB4 /* Resources */,
				4398EF7128A6B7EB00644D40 /* videos */,
				4398EF5928A6B30D00644D40 /* AppDelegate.swift */,
				4398EF6728A6B30F00644D40 /* Info.plist */,
				4398EF7428A6B84200644D40 /* SampleVideoPlayerView.swift */,
				4398EF5B28A6B30D00644D40 /* SceneDelegate.swift */,
				4398EF5D28A6B30D00644D40 /* ViewController.swift */,
			);
			path = "pip-basic";
			sourceTree = "<group>";
		};
		4398EF7128A6B7EB00644D40 /* videos */ = {
			isa = PBXGroup;
			children = (
				4398EF7228A6B7EB00644D40 /* sample.mp4 */,
			);
			path = videos;
			sourceTree = "<group>";
		};
/* End PBXGroup section */

/* Begin PBXNativeTarget section */
		4398EF5528A6B30D00644D40 /* pip-basic */ = {
			isa = PBXNativeTarget;
			buildConfigurationList = 4398EF6A28A6B30F00644D40 /* Build configuration list for PBXNativeTarget "pip-basic" */;
			buildPhases = (
				4398EF5228A6B30D00644D40 /* Sources */,
				4398EF5328A6B30D00644D40 /* Frameworks */,
				4398EF5428A6B30D00644D40 /* Resources */,
			);
			buildRules = (
			);
			dependencies = (
			);
			name = "pip-basic";
			productName = "pip-basic";
			productReference = 4398EF5628A6B30D00644D40 /* pip-basic.app */;
			productType = "com.apple.product-type.application";
		};
/* End PBXNativeTarget section */

/* Begin PBXProject section */
		4398EF4E28A6B30D00644D40 /* Project object */ = {
			isa = PBXProject;
			attributes = {
				BuildIndependentTargetsInParallel = 1;
				LastSwiftUpdateCheck = 1340;
				LastUpgradeCheck = 1340;
				TargetAttributes = {
					4398EF5528A6B30D00644D40 = {
						CreatedOnToolsVersion = 13.4.1;
					};
				};
			};
			buildConfigurationList = 4398EF5128A6B30D00644D40 /* Build configuration list for PBXProject "pip-basic" */;
			compatibilityVersion = "Xcode 13.0";
			developmentRegion = en;
			hasScannedForEncodings = 0;
			knownRegions = (
				en,
				Base,
			);
			mainGroup = 4398EF4D28A6B30D00644D40;
			productRefGroup = 4398EF5728A6B30D00644D40 /* Products */;
			projectDirPath = "";
			projectRoot = "";
			targets = (
				4398EF5528A6B30D00644D40 /* pip-basic */,
			);
		};
/* End PBXProject section */

/* Begin PBXResourcesBuildPhase section */
		4398EF5428A6B30D00644D40 /* Resources */ = {
			isa = PBXResourcesBuildPhase;
			buildActionMask = 2147483647;
			files = (
				4398EF6328A6B30F00644D40 /* Assets.xcassets in Resources */,
				4398EF6628A6B30F00644D40 /* LaunchScreen.storyboard in Resources */,
				4398EF6128A6B30D00644D40 /* Main.storyboard in Resources */,
				4398EF7328A6B7EB00644D40 /* sample.mp4 in Resources */,
			);
			runOnlyForDeploymentPostprocessing = 0;
		};
/* End PBXResourcesBuildPhase section */

/* Begin PBXSourcesBuildPhase section */
		4398EF5228A6B30D00644D40 /* Sources */ = {
			isa = PBXSourcesBuildPhase;
			buildActionMask = 2147483647;
			files = (
				4398EF5A28A6B30D00644D40 /* AppDelegate.swift in Sources */,
				4398EF7528A6B84200644D40 /* SampleVideoPlayerView.swift in Sources */,
				4398EF5C28A6B30D00644D40 /* SceneDelegate.swift in Sources */,
				4398EF5E28A6B30D00644D40 /* ViewController.swift in Sources */,
			);
			runOnlyForDeploymentPostprocessing = 0;
		};
/* End PBXSourcesBuildPhase section */

/* Begin PBXVariantGroup section */
		4398EF5F28A6B30D00644D40 /* Main.storyboard */ = {
			isa = PBXVariantGroup;
			children = (
				4398EF6028A6B30D00644D40 /* Base */,
			);
			name = Main.storyboard;
			sourceTree = "<group>";
		};
		4398EF6428A6B30F00644D40 /* LaunchScreen.storyboard */ = {
			isa = PBXVariantGroup;
			children = (
				4398EF6528A6B30F00644D40 /* Base */,
			);
			name = LaunchScreen.storyboard;
			sourceTree = "<group>";
		};
/* End PBXVariantGroup section */

/* Begin XCBuildConfiguration section */
		4398EF6828A6B30F00644D40 /* Debug */ = {
			isa = XCBuildConfiguration;
			buildSettings = {
				ALWAYS_SEARCH_USER_PATHS = NO;
				CLANG_ANALYZER_NONNULL = YES;
				CLANG_ANALYZER_NUMBER_OBJECT_CONVERSION = YES_AGGRESSIVE;
				CLANG_CXX_LANGUAGE_STANDARD = "gnu++17";
				CLANG_ENABLE_MODULES = YES;
				CLANG_ENABLE_OBJC_ARC = YES;
				CLANG_ENABLE_OBJC_WEAK = YES;
				CLANG_WARN_BLOCK_CAPTURE_AUTORELEASING = YES;
				CLANG_WARN_BOOL_CONVERSION = YES;
				CLANG_WARN_COMMA = YES;
				CLANG_WARN_CONSTANT_CONVERSION = YES;
				CLANG_WARN_DEPRECATED_OBJC_IMPLEMENTATIONS = YES;
				CLANG_WARN_DIRECT_OBJC_ISA_USAGE = YES_ERROR;
				CLANG_WARN_DOCUMENTATION_COMMENTS = YES;
				CLANG_WARN_EMPTY_BODY = YES;
				CLANG_WARN_ENUM_CONVERSION = YES;
				CLANG_WARN_INFINITE_RECURSION = YES;
				CLANG_WARN_INT_CONVERSION = YES;
				CLANG_WARN_NON_LITERAL_NULL_CONVERSION = YES;
				CLANG_WARN_OBJC_IMPLICIT_RETAIN_SELF = YES;
				CLANG_WARN_OBJC_LITERAL_CONVERSION = YES;
				CLANG_WARN_OBJC_ROOT_CLASS = YES_ERROR;
				CLANG_WARN_QUOTED_INCLUDE_IN_FRAMEWORK_HEADER = YES;
				CLANG_WARN_RANGE_LOOP_ANALYSIS = YES;
				CLANG_WARN_STRICT_PROTOTYPES = YES;
				CLANG_WARN_SUSPICIOUS_MOVE = YES;
				CLANG_WARN_UNGUARDED_AVAILABILITY = YES_AGGRESSIVE;
				CLANG_WARN_UNREACHABLE_CODE = YES;
				CLANG_WARN__DUPLICATE_METHOD_MATCH = YES;
				COPY_PHASE_STRIP = NO;
				DEBUG_INFORMATION_FORMAT = dwarf;
				ENABLE_STRICT_OBJC_MSGSEND = YES;
				ENABLE_TESTABILITY = YES;
				GCC_C_LANGUAGE_STANDARD = gnu11;
				GCC_DYNAMIC_NO_PIC = NO;
				GCC_NO_COMMON_BLOCKS = YES;
				GCC_OPTIMIZATION_LEVEL = 0;
				GCC_PREPROCESSOR_DEFINITIONS = (
					"DEBUG=1",
					"$(inherited)",
				);
				GCC_WARN_64_TO_32_BIT_CONVERSION = YES;
				GCC_WARN_ABOUT_RETURN_TYPE = YES_ERROR;
				GCC_WARN_UNDECLARED_SELECTOR = YES;
				GCC_WARN_UNINITIALIZED_AUTOS = YES_AGGRESSIVE;
				GCC_WARN_UNUSED_FUNCTION = YES;
				GCC_WARN_UNUSED_VARIABLE = YES;
				IPHONEOS_DEPLOYMENT_TARGET = 15.0;
				MTL_ENABLE_DEBUG_INFO = INCLUDE_SOURCE;
				MTL_FAST_MATH = YES;
				ONLY_ACTIVE_ARCH = YES;
				SDKROOT = iphoneos;
				SWIFT_ACTIVE_COMPILATION_CONDITIONS = DEBUG;
				SWIFT_OPTIMIZATION_LEVEL = "-Onone";
			};
			name = Debug;
		};
		4398EF6928A6B30F00644D40 /* Release */ = {
			isa = XCBuildConfiguration;
			buildSettings = {
				ALWAYS_SEARCH_USER_PATHS = NO;
				CLANG_ANALYZER_NONNULL = YES;
				CLANG_ANALYZER_NUMBER_OBJECT_CONVERSION = YES_AGGRESSIVE;
				CLANG_CXX_LANGUAGE_STANDARD = "gnu++17";
				CLANG_ENABLE_MODULES = YES;
				CLANG_ENABLE_OBJC_ARC = YES;
				CLANG_ENABLE_OBJC_WEAK = YES;
				CLANG_WARN_BLOCK_CAPTURE_AUTORELEASING = YES;
				CLANG_WARN_BOOL_CONVERSION = YES;
				CLANG_WARN_COMMA = YES;
				CLANG_WARN_CONSTANT_CONVERSION = YES;
				CLANG_WARN_DEPRECATED_OBJC_IMPLEMENTATIONS = YES;
				CLANG_WARN_DIRECT_OBJC_ISA_USAGE = YES_ERROR;
				CLANG_WARN_DOCUMENTATION_COMMENTS = YES;
				CLANG_WARN_EMPTY_BODY = YES;
				CLANG_WARN_ENUM_CONVERSION = YES;
				CLANG_WARN_INFINITE_RECURSION = YES;
				CLANG_WARN_INT_CONVERSION = YES;
				CLANG_WARN_NON_LITERAL_NULL_CONVERSION = YES;
				CLANG_WARN_OBJC_IMPLICIT_RETAIN_SELF = YES;
				CLANG_WARN_OBJC_LITERAL_CONVERSION = YES;
				CLANG_WARN_OBJC_ROOT_CLASS = YES_ERROR;
				CLANG_WARN_QUOTED_INCLUDE_IN_FRAMEWORK_HEADER = YES;
				CLANG_WARN_RANGE_LOOP_ANALYSIS = YES;
				CLANG_WARN_STRICT_PROTOTYPES = YES;
				CLANG_WARN_SUSPICIOUS_MOVE = YES;
				CLANG_WARN_UNGUARDED_AVAILABILITY = YES_AGGRESSIVE;
				CLANG_WARN_UNREACHABLE_CODE = YES;
				CLANG_WARN__DUPLICATE_METHOD_MATCH = YES;
				COPY_PHASE_STRIP = NO;
				DEBUG_INFORMATION_FORMAT = "dwarf-with-dsym";
				ENABLE_NS_ASSERTIONS = NO;
				ENABLE_STRICT_OBJC_MSGSEND = YES;
				GCC_C_LANGUAGE_STANDARD = gnu11;
				GCC_NO_COMMON_BLOCKS = YES;
				GCC_WARN_64_TO_32_BIT_CONVERSION = YES;
				GCC_WARN_ABOUT_RETURN_TYPE = YES_ERROR;
				GCC_WARN_UNDECLARED_SELECTOR = YES;
				GCC_WARN_UNINITIALIZED_AUTOS = YES_AGGRESSIVE;
				GCC_WARN_UNUSED_FUNCTION = YES;
				GCC_WARN_UNUSED_VARIABLE = YES;
				IPHONEOS_DEPLOYMENT_TARGET = 15.0;
				MTL_ENABLE_DEBUG_INFO = NO;
				MTL_FAST_MATH = YES;
				SDKROOT = iphoneos;
				SWIFT_COMPILATION_MODE = wholemodule;
				SWIFT_OPTIMIZATION_LEVEL = "-O";
				VALIDATE_PRODUCT = YES;
			};
			name = Release;
		};
		4398EF6B28A6B30F00644D40 /* Debug */ = {
			isa = XCBuildConfiguration;
			buildSettings = {
				ASSETCATALOG_COMPILER_APPICON_NAME = AppIcon;
				ASSETCATALOG_COMPILER_GLOBAL_ACCENT_COLOR_NAME = AccentColor;
				CODE_SIGN_STYLE = Automatic;
				CURRENT_PROJECT_VERSION = 1;
				DEVELOPMENT_TEAM = QTG7MUN42X;
				GENERATE_INFOPLIST_FILE = YES;
				INFOPLIST_FILE = "pip-basic/Info.plist";
				INFOPLIST_KEY_UIApplicationSupportsIndirectInputEvents = YES;
				INFOPLIST_KEY_UILaunchStoryboardName = LaunchScreen;
				INFOPLIST_KEY_UIMainStoryboardFile = Main;
				INFOPLIST_KEY_UIRequiresFullScreen = YES;
				INFOPLIST_KEY_UISupportedInterfaceOrientations = UIInterfaceOrientationPortrait;
				IPHONEOS_DEPLOYMENT_TARGET = 15.0;
				LD_RUNPATH_SEARCH_PATHS = (
					"$(inherited)",
					"@executable_path/Frameworks",
				);
				MARKETING_VERSION = 1.0;
				PRODUCT_BUNDLE_IDENTIFIER = "com.jpn.naru.pip-basic";
				PRODUCT_NAME = "$(TARGET_NAME)";
				SUPPORTED_PLATFORMS = "iphoneos iphonesimulator";
				SUPPORTS_MACCATALYST = NO;
				SUPPORTS_MAC_DESIGNED_FOR_IPHONE_IPAD = NO;
				SWIFT_EMIT_LOC_STRINGS = YES;
				SWIFT_VERSION = 5.0;
				TARGETED_DEVICE_FAMILY = "1,2";
			};
			name = Debug;
		};
		4398EF6C28A6B30F00644D40 /* Release */ = {
			isa = XCBuildConfiguration;
			buildSettings = {
				ASSETCATALOG_COMPILER_APPICON_NAME = AppIcon;
				ASSETCATALOG_COMPILER_GLOBAL_ACCENT_COLOR_NAME = AccentColor;
				CODE_SIGN_STYLE = Automatic;
				CURRENT_PROJECT_VERSION = 1;
				DEVELOPMENT_TEAM = QTG7MUN42X;
				GENERATE_INFOPLIST_FILE = YES;
				INFOPLIST_FILE = "pip-basic/Info.plist";
				INFOPLIST_KEY_UIApplicationSupportsIndirectInputEvents = YES;
				INFOPLIST_KEY_UILaunchStoryboardName = LaunchScreen;
				INFOPLIST_KEY_UIMainStoryboardFile = Main;
				INFOPLIST_KEY_UIRequiresFullScreen = YES;
				INFOPLIST_KEY_UISupportedInterfaceOrientations = UIInterfaceOrientationPortrait;
				IPHONEOS_DEPLOYMENT_TARGET = 15.0;
				LD_RUNPATH_SEARCH_PATHS = (
					"$(inherited)",
					"@executable_path/Frameworks",
				);
				MARKETING_VERSION = 1.0;
				PRODUCT_BUNDLE_IDENTIFIER = "com.jpn.naru.pip-basic";
				PRODUCT_NAME = "$(TARGET_NAME)";
				SUPPORTED_PLATFORMS = "iphoneos iphonesimulator";
				SUPPORTS_MACCATALYST = NO;
				SUPPORTS_MAC_DESIGNED_FOR_IPHONE_IPAD = NO;
				SWIFT_EMIT_LOC_STRINGS = YES;
				SWIFT_VERSION = 5.0;
				TARGETED_DEVICE_FAMILY = "1,2";
			};
			name = Release;
		};
/* End XCBuildConfiguration section */

/* Begin XCConfigurationList section */
		4398EF5128A6B30D00644D40 /* Build configuration list for PBXProject "pip-basic" */ = {
			isa = XCConfigurationList;
			buildConfigurations = (
				4398EF6828A6B30F00644D40 /* Debug */,
				4398EF6928A6B30F00644D40 /* Release */,
			);
			defaultConfigurationIsVisible = 0;
			defaultConfigurationName = Release;
		};
		4398EF6A28A6B30F00644D40 /* Build configuration list for PBXNativeTarget "pip-basic" */ = {
			isa = XCConfigurationList;
			buildConfigurations = (
				4398EF6B28A6B30F00644D40 /* Debug */,
				4398EF6C28A6B30F00644D40 /* Release */,
			);
			defaultConfigurationIsVisible = 0;
			defaultConfigurationName = Release;
		};
/* End XCConfigurationList section */
	};
	rootObject = 4398EF4E28A6B30D00644D40 /* Project object */;
}
